
Microsoft Visual Studio Solution File, Format Version 12.00
# Visual Studio Version 17
VisualStudioVersion = 17.14.36717.8 d17.14
MinimumVisualStudioVersion = 10.0.40219.1
Project("{FAE04EC0-301F-11D3-BF4B-00C04F79EFBC}") = "ClassLibrary10", "ClassLibrary10.csproj", "{018BE153-6EC2-483E-80EF-E4FDAC2EA80A}"
EndProject
Global
	GlobalSection(SolutionConfigurationPlatforms) = preSolution
		Debug|Any CPU = Debug|Any CPU
		Release|Any CPU = Release|Any CPU
	EndGlobalSection
	GlobalSection(ProjectConfigurationPlatforms) = postSolution
		{018BE153-6EC2-483E-80EF-E4FDAC2EA80A}.Debug|Any CPU.ActiveCfg = Debug|Any CPU
		{018BE153-6EC2-483E-80EF-E4FDAC2EA80A}.Debug|Any CPU.Build.0 = Debug|Any CPU
		{018BE153-6EC2-483E-80EF-E4FDAC2EA80A}.Release|Any CPU.ActiveCfg = Release|Any CPU
		{018BE153-6EC2-483E-80EF-E4FDAC2EA80A}.Release|Any CPU.Build.0 = Release|Any CPU
	EndGlobalSection
	GlobalSection(SolutionProperties) = preSolution
		HideSolutionNode = FALSE
	EndGlobalSection
	GlobalSection(ExtensibilityGlobals) = postSolution
		SolutionGuid = {63AB687A-5D4B-41A0-9575-975B435BAA86}
	EndGlobalSection
EndGlobal
